
Microsoft Visual Studio Solution File, Format Version 12.00
# Visual Studio Version 17
VisualStudioVersion = 17.10.35122.118
MinimumVisualStudioVersion = 10.0.40219.1
Project("{9A19103F-16F7-4668-BE54-9A1E7A4F7556}") = "05_IntroToEF", "05_IntroToEF\05_IntroToEF.csproj", "{C890624B-E0C2-43F4-8B0A-E42B4A5E2E34}"
EndProject
Project("{FAE04EC0-301F-11D3-BF4B-00C04F79EFBC}") = "07_AirportDataAccess", "07_AirportDataAccess\07_AirportDataAccess.csproj", "{6910C95C-37CC-41D2-BB34-CB459A93029F}"
EndProject
Global
	GlobalSection(SolutionConfigurationPlatforms) = preSolution
		Debug|Any CPU = Debug|Any CPU
		Release|Any CPU = Release|Any CPU
	EndGlobalSection
	GlobalSection(ProjectConfigurationPlatforms) = postSolution
		{C890624B-E0C2-43F4-8B0A-E42B4A5E2E34}.Debug|Any CPU.ActiveCfg = Debug|Any CPU
		{C890624B-E0C2-43F4-8B0A-E42B4A5E2E34}.Debug|Any CPU.Build.0 = Debug|Any CPU
		{C890624B-E0C2-43F4-8B0A-E42B4A5E2E34}.Release|Any CPU.ActiveCfg = Release|Any CPU
		{C890624B-E0C2-43F4-8B0A-E42B4A5E2E34}.Release|Any CPU.Build.0 = Release|Any CPU
		{6910C95C-37CC-41D2-BB34-CB459A93029F}.Debug|Any CPU.ActiveCfg = Debug|Any CPU
		{6910C95C-37CC-41D2-BB34-CB459A93029F}.Debug|Any CPU.Build.0 = Debug|Any CPU
		{6910C95C-37CC-41D2-BB34-CB459A93029F}.Release|Any CPU.ActiveCfg = Release|Any CPU
		{6910C95C-37CC-41D2-BB34-CB459A93029F}.Release|Any CPU.Build.0 = Release|Any CPU
	EndGlobalSection
	GlobalSection(SolutionProperties) = preSolution
		HideSolutionNode = FALSE
	EndGlobalSection
	GlobalSection(ExtensibilityGlobals) = postSolution
		SolutionGuid = {CD780CB7-46D7-4040-B37D-E56ACB9A2E99}
	EndGlobalSection
EndGlobal
